
Microsoft Visual Studio Solution File, Format Version 12.00
# Visual Studio Version 16
VisualStudioVersion = 16.0.29709.97
MinimumVisualStudioVersion = 10.0.40219.1
Project("{FAE04EC0-301F-11D3-BF4B-00C04F79EFBC}") = "TabAndButton", "TabAndButton.csproj", "{F924C55F-E2E5-4E8A-8F0B-F77E4695CEDF}"
EndProject
Global
	GlobalSection(SolutionConfigurationPlatforms) = preSolution
		Debug|Any CPU = Debug|Any CPU
		Release|Any CPU = Release|Any CPU
	EndGlobalSection
	GlobalSection(ProjectConfigurationPlatforms) = postSolution
		{F924C55F-E2E5-4E8A-8F0B-F77E4695CEDF}.Debug|Any CPU.ActiveCfg = Debug|Any CPU
		{F924C55F-E2E5-4E8A-8F0B-F77E4695CEDF}.Debug|Any CPU.Build.0 = Debug|Any CPU
		{F924C55F-E2E5-4E8A-8F0B-F77E4695CEDF}.Release|Any CPU.ActiveCfg = Release|Any CPU
		{F924C55F-E2E5-4E8A-8F0B-F77E4695CEDF}.Release|Any CPU.Build.0 = Release|Any CPU
	EndGlobalSection
	GlobalSection(SolutionProperties) = preSolution
		HideSolutionNode = FALSE
	EndGlobalSection
	GlobalSection(ExtensibilityGlobals) = postSolution
		SolutionGuid = {6FD6A15B-2575-4870-A8FD-BA81A6C598AD}
	EndGlobalSection
EndGlobal
